
Microsoft Visual Studio Solution File, Format Version 12.00
# Visual Studio 2012
Project("{FAE04EC0-301F-11D3-BF4B-00C04F79EFBC}") = "PluralsightCoursesListParser", "PluralsightCoursesListParser\PluralsightCoursesListParser.csproj", "{ED9C08C3-1A85-49B2-9DD7-3D09B99DF7E2}"
EndProject
Project("{2150E333-8FDC-42A3-9474-1A3956D46DE8}") = ".nuget", ".nuget", "{C56674C6-6F72-44CE-8AAE-C9CA0E99E15A}"
	ProjectSection(SolutionItems) = preProject
		.nuget\NuGet.Config = .nuget\NuGet.Config
		.nuget\NuGet.exe = .nuget\NuGet.exe
		.nuget\NuGet.targets = .nuget\NuGet.targets
	EndProjectSection
EndProject
Global
	GlobalSection(SolutionConfigurationPlatforms) = preSolution
		Debug|Any CPU = Debug|Any CPU
		Release|Any CPU = Release|Any CPU
	EndGlobalSection
	GlobalSection(ProjectConfigurationPlatforms) = postSolution
		{ED9C08C3-1A85-49B2-9DD7-3D09B99DF7E2}.Debug|Any CPU.ActiveCfg = Debug|Any CPU
		{ED9C08C3-1A85-49B2-9DD7-3D09B99DF7E2}.Debug|Any CPU.Build.0 = Debug|Any CPU
		{ED9C08C3-1A85-49B2-9DD7-3D09B99DF7E2}.Release|Any CPU.ActiveCfg = Release|Any CPU
		{ED9C08C3-1A85-49B2-9DD7-3D09B99DF7E2}.Release|Any CPU.Build.0 = Release|Any CPU
	EndGlobalSection
	GlobalSection(SolutionProperties) = preSolution
		HideSolutionNode = FALSE
	EndGlobalSection
EndGlobal
